// !$*UTF8*$!
{
	archiveVersion = 1;
	classes = {
	};
	objectVersion = 50;
	objects = {

/* Begin PBXBuildFile section */
		1BCAD7D93D01E786AF17A772 /* Pods_MyFitZ.framework in Frameworks */ = {isa = PBXBuildFile; fileRef = 0226A6153F49A736361A8DDD /* Pods_MyFitZ.framework */; };
		41EAD00C20CBC21A00395B6C /* AppDelegate.swift in Sources */ = {isa = PBXBuildFile; fileRef = 41EAD00B20CBC21A00395B6C /* AppDelegate.swift */; };
		41EAD00E20CBC21A00395B6C /* ViewController.swift in Sources */ = {isa = PBXBuildFile; fileRef = 41EAD00D20CBC21A00395B6C /* ViewController.swift */; };
		41EAD01120CBC21B00395B6C /* Main.storyboard in Resources */ = {isa = PBXBuildFile; fileRef = 41EAD00F20CBC21B00395B6C /* Main.storyboard */; };
		41EAD01420CBC21B00395B6C /* MyFitZ.xcdatamodeld in Sources */ = {isa = PBXBuildFile; fileRef = 41EAD01220CBC21B00395B6C /* MyFitZ.xcdatamodeld */; };
		41EAD01620CBC22300395B6C /* Assets.xcassets in Resources */ = {isa = PBXBuildFile; fileRef = 41EAD01520CBC22300395B6C /* Assets.xcassets */; };
		41EAD01920CBC22300395B6C /* LaunchScreen.storyboard in Resources */ = {isa = PBXBuildFile; fileRef = 41EAD01720CBC22300395B6C /* LaunchScreen.storyboard */; };
		41EAD02420CBC22400395B6C /* MyFitZTests.swift in Sources */ = {isa = PBXBuildFile; fileRef = 41EAD02320CBC22400395B6C /* MyFitZTests.swift */; };
		41EAD02F20CBC22400395B6C /* MyFitZUITests.swift in Sources */ = {isa = PBXBuildFile; fileRef = 41EAD02E20CBC22400395B6C /* MyFitZUITests.swift */; };
		D9F5B5566204F7E5816DFD84 /* Pods_MyFitZTests.framework in Frameworks */ = {isa = PBXBuildFile; fileRef = 8B8EB1555E29C9702F7B357D /* Pods_MyFitZTests.framework */; };
		DD86F255767515CA62F819FF /* Pods_MyFitZUITests.framework in Frameworks */ = {isa = PBXBuildFile; fileRef = 48E5C0F158A81E082E5B6099 /* Pods_MyFitZUITests.framework */; };
/* End PBXBuildFile section */

/* Begin PBXContainerItemProxy section */
		41EAD02020CBC22400395B6C /* PBXContainerItemProxy */ = {
			isa = PBXContainerItemProxy;
			containerPortal = 41EAD00020CBC21A00395B6C /* Project object */;
			proxyType = 1;
			remoteGlobalIDString = 41EAD00720CBC21A00395B6C;
			remoteInfo = MyFitZ;
		};
		41EAD02B20CBC22400395B6C /* PBXContainerItemProxy */ = {
			isa = PBXContainerItemProxy;
			containerPortal = 41EAD00020CBC21A00395B6C /* Project object */;
			proxyType = 1;
			remoteGlobalIDString = 41EAD00720CBC21A00395B6C;
			remoteInfo = MyFitZ;
		};
/* End PBXContainerItemProxy section */

/* Begin PBXFileReference section */
		0226A6153F49A736361A8DDD /* Pods_MyFitZ.framework */ = {isa = PBXFileReference; explicitFileType = wrapper.framework; includeInIndex = 0; path = Pods_MyFitZ.framework; sourceTree = BUILT_PRODUCTS_DIR; };
		41EAD00820CBC21A00395B6C /* MyFitZ.app */ = {isa = PBXFileReference; explicitFileType = wrapper.application; includeInIndex = 0; path = MyFitZ.app; sourceTree = BUILT_PRODUCTS_DIR; };
		41EAD00B20CBC21A00395B6C /* AppDelegate.swift */ = {isa = PBXFileReference; lastKnownFileType = sourcecode.swift; path = AppDelegate.swift; sourceTree = "<group>"; };
		41EAD00D20CBC21A00395B6C /* ViewController.swift */ = {isa = PBXFileReference; lastKnownFileType = sourcecode.swift; path = ViewController.swift; sourceTree = "<group>"; };
		41EAD01020CBC21B00395B6C /* Base */ = {isa = PBXFileReference; lastKnownFileType = file.storyboard; name = Base; path = Base.lproj/Main.storyboard; sourceTree = "<group>"; };
		41EAD01320CBC21B00395B6C /* MyFitZ.xcdatamodel */ = {isa = PBXFileReference; lastKnownFileType = wrapper.xcdatamodel; path = MyFitZ.xcdatamodel; sourceTree = "<group>"; };
		41EAD01520CBC22300395B6C /* Assets.xcassets */ = {isa = PBXFileReference; lastKnownFileType = folder.assetcatalog; path = Assets.xcassets; sourceTree = "<group>"; };
		41EAD01820CBC22300395B6C /* Base */ = {isa = PBXFileReference; lastKnownFileType = file.storyboard; name = Base; path = Base.lproj/LaunchScreen.storyboard; sourceTree = "<group>"; };
		41EAD01A20CBC22300395B6C /* Info.plist */ = {isa = PBXFileReference; lastKnownFileType = text.plist.xml; path = Info.plist; sourceTree = "<group>"; };
		41EAD01F20CBC22400395B6C /* MyFitZTests.xctest */ = {isa = PBXFileReference; explicitFileType = wrapper.cfbundle; includeInIndex = 0; path = MyFitZTests.xctest; sourceTree = BUILT_PRODUCTS_DIR; };
		41EAD02320CBC22400395B6C /* MyFitZTests.swift */ = {isa = PBXFileReference; lastKnownFileType = sourcecode.swift; path = MyFitZTests.swift; sourceTree = "<group>"; };
		41EAD02520CBC22400395B6C /* Info.plist */ = {isa = PBXFileReference; lastKnownFileType = text.plist.xml; path = Info.plist; sourceTree = "<group>"; };
		41EAD02A20CBC22400395B6C /* MyFitZUITests.xctest */ = {isa = PBXFileReference; explicitFileType = wrapper.cfbundle; includeInIndex = 0; path = MyFitZUITests.xctest; sourceTree = BUILT_PRODUCTS_DIR; };
		41EAD02E20CBC22400395B6C /* MyFitZUITests.swift */ = {isa = PBXFileReference; lastKnownFileType = sourcecode.swift; path = MyFitZUITests.swift; sourceTree = "<group>"; };
		41EAD03020CBC22400395B6C /* Info.plist */ = {isa = PBXFileReference; lastKnownFileType = text.plist.xml; path = Info.plist; sourceTree = "<group>"; };
		44C42F26D0C89D2DADB7EDDC /* Pods-MyFitZ.debug.xcconfig */ = {isa = PBXFileReference; includeInIndex = 1; lastKnownFileType = text.xcconfig; name = "Pods-MyFitZ.debug.xcconfig"; path = "Pods/Target Support Files/Pods-MyFitZ/Pods-MyFitZ.debug.xcconfig"; sourceTree = "<group>"; };
		48E5C0F158A81E082E5B6099 /* Pods_MyFitZUITests.framework */ = {isa = PBXFileReference; explicitFileType = wrapper.framework; includeInIndex = 0; path = Pods_MyFitZUITests.framework; sourceTree = BUILT_PRODUCTS_DIR; };
		720144B95C16516E02CBB79A /* Pods-MyFitZ.release.xcconfig */ = {isa = PBXFileReference; includeInIndex = 1; lastKnownFileType = text.xcconfig; name = "Pods-MyFitZ.release.xcconfig"; path = "Pods/Target Support Files/Pods-MyFitZ/Pods-MyFitZ.release.xcconfig"; sourceTree = "<group>"; };
		8990DDB3C7BEBD57FA39F299 /* Pods-MyFitZUITests.debug.xcconfig */ = {isa = PBXFileReference; includeInIndex = 1; lastKnownFileType = text.xcconfig; name = "Pods-MyFitZUITests.debug.xcconfig"; path = "Pods/Target Support Files/Pods-MyFitZUITests/Pods-MyFitZUITests.debug.xcconfig"; sourceTree = "<group>"; };
		8B8EB1555E29C9702F7B357D /* Pods_MyFitZTests.framework */ = {isa = PBXFileReference; explicitFileType = wrapper.framework; includeInIndex = 0; path = Pods_MyFitZTests.framework; sourceTree = BUILT_PRODUCTS_DIR; };
		A1E815FCA5C16EA3C8F93F33 /* Pods-MyFitZUITests.release.xcconfig */ = {isa = PBXFileReference; includeInIndex = 1; lastKnownFileType = text.xcconfig; name = "Pods-MyFitZUITests.release.xcconfig"; path = "Pods/Target Support Files/Pods-MyFitZUITests/Pods-MyFitZUITests.release.xcconfig"; sourceTree = "<group>"; };
		C3B4B5CD1D252F1C15C90543 /* Pods-MyFitZTests.release.xcconfig */ = {isa = PBXFileReference; includeInIndex = 1; lastKnownFileType = text.xcconfig; name = "Pods-MyFitZTests.release.xcconfig"; path = "Pods/Target Support Files/Pods-MyFitZTests/Pods-MyFitZTests.release.xcconfig"; sourceTree = "<group>"; };
		D6FD5A8000C1E4E4AB14DEAA /* Pods-MyFitZTests.debug.xcconfig */ = {isa = PBXFileReference; includeInIndex = 1; lastKnownFileType = text.xcconfig; name = "Pods-MyFitZTests.debug.xcconfig"; path = "Pods/Target Support Files/Pods-MyFitZTests/Pods-MyFitZTests.debug.xcconfig"; sourceTree = "<group>"; };
/* End PBXFileReference section */

/* Begin PBXFrameworksBuildPhase section */
		41EAD00520CBC21A00395B6C /* Frameworks */ = {
			isa = PBXFrameworksBuildPhase;
			buildActionMask = 2147483647;
			files = (
				1BCAD7D93D01E786AF17A772 /* Pods_MyFitZ.framework in Frameworks */,
			);
			runOnlyForDeploymentPostprocessing = 0;
		};
		41EAD01C20CBC22400395B6C /* Frameworks */ = {
			isa = PBXFrameworksBuildPhase;
			buildActionMask = 2147483647;
			files = (
				D9F5B5566204F7E5816DFD84 /* Pods_MyFitZTests.framework in Frameworks */,
			);
			runOnlyForDeploymentPostprocessing = 0;
		};
		41EAD02720CBC22400395B6C /* Frameworks */ = {
			isa = PBXFrameworksBuildPhase;
			buildActionMask = 2147483647;
			files = (
				DD86F255767515CA62F819FF /* Pods_MyFitZUITests.framework in Frameworks */,
			);
			runOnlyForDeploymentPostprocessing = 0;
		};
/* End PBXFrameworksBuildPhase section */

/* Begin PBXGroup section */
		41EACFFF20CBC21A00395B6C = {
			isa = PBXGroup;
			children = (
				41EAD00A20CBC21A00395B6C /* MyFitZ */,
				41EAD02220CBC22400395B6C /* MyFitZTests */,
				41EAD02D20CBC22400395B6C /* MyFitZUITests */,
				41EAD00920CBC21A00395B6C /* Products */,
				E95ED40F1C0C9BFDDC54C72A /* Pods */,
				C9C7AF2ED6FC58C9646D7793 /* Frameworks */,
			);
			sourceTree = "<group>";
		};
		41EAD00920CBC21A00395B6C /* Products */ = {
			isa = PBXGroup;
			children = (
				41EAD00820CBC21A00395B6C /* MyFitZ.app */,
				41EAD01F20CBC22400395B6C /* MyFitZTests.xctest */,
				41EAD02A20CBC22400395B6C /* MyFitZUITests.xctest */,
			);
			name = Products;
			sourceTree = "<group>";
		};
		41EAD00A20CBC21A00395B6C /* MyFitZ */ = {
			isa = PBXGroup;
			children = (
				41EAD00B20CBC21A00395B6C /* AppDelegate.swift */,
				41EAD00D20CBC21A00395B6C /* ViewController.swift */,
				41EAD00F20CBC21B00395B6C /* Main.storyboard */,
				41EAD01520CBC22300395B6C /* Assets.xcassets */,
				41EAD01720CBC22300395B6C /* LaunchScreen.storyboard */,
				41EAD01A20CBC22300395B6C /* Info.plist */,
				41EAD01220CBC21B00395B6C /* MyFitZ.xcdatamodeld */,
			);
			path = MyFitZ;
			sourceTree = "<group>";
		};
		41EAD02220CBC22400395B6C /* MyFitZTests */ = {
			isa = PBXGroup;
			children = (
				41EAD02320CBC22400395B6C /* MyFitZTests.swift */,
				41EAD02520CBC22400395B6C /* Info.plist */,
			);
			path = MyFitZTests;
			sourceTree = "<group>";
		};
		41EAD02D20CBC22400395B6C /* MyFitZUITests */ = {
			isa = PBXGroup;
			children = (
				41EAD02E20CBC22400395B6C /* MyFitZUITests.swift */,
				41EAD03020CBC22400395B6C /* Info.plist */,
			);
			path = MyFitZUITests;
			sourceTree = "<group>";
		};
		C9C7AF2ED6FC58C9646D7793 /* Frameworks */ = {
			isa = PBXGroup;
			children = (
				0226A6153F49A736361A8DDD /* Pods_MyFitZ.framework */,
				8B8EB1555E29C9702F7B357D /* Pods_MyFitZTests.framework */,
				48E5C0F158A81E082E5B6099 /* Pods_MyFitZUITests.framework */,
			);
			name = Frameworks;
			sourceTree = "<group>";
		};
		E95ED40F1C0C9BFDDC54C72A /* Pods */ = {
			isa = PBXGroup;
			children = (
				44C42F26D0C89D2DADB7EDDC /* Pods-MyFitZ.debug.xcconfig */,
				720144B95C16516E02CBB79A /* Pods-MyFitZ.release.xcconfig */,
				D6FD5A8000C1E4E4AB14DEAA /* Pods-MyFitZTests.debug.xcconfig */,
				C3B4B5CD1D252F1C15C90543 /* Pods-MyFitZTests.release.xcconfig */,
				8990DDB3C7BEBD57FA39F299 /* Pods-MyFitZUITests.debug.xcconfig */,
				A1E815FCA5C16EA3C8F93F33 /* Pods-MyFitZUITests.release.xcconfig */,
			);
			name = Pods;
			sourceTree = "<group>";
		};
/* End PBXGroup section */

/* Begin PBXNativeTarget section */
		41EAD00720CBC21A00395B6C /* MyFitZ */ = {
			isa = PBXNativeTarget;
			buildConfigurationList = 41EAD03320CBC22400395B6C /* Build configuration list for PBXNativeTarget "MyFitZ" */;
			buildPhases = (
				3CC7AD1930B2CE3CD2DA4A48 /* [CP] Check Pods Manifest.lock */,
				41EAD00420CBC21A00395B6C /* Sources */,
				41EAD00520CBC21A00395B6C /* Frameworks */,
				41EAD00620CBC21A00395B6C /* Resources */,
			);
			buildRules = (
			);
			dependencies = (
			);
			name = MyFitZ;
			productName = MyFitZ;
			productReference = 41EAD00820CBC21A00395B6C /* MyFitZ.app */;
			productType = "com.apple.product-type.application";
		};
		41EAD01E20CBC22400395B6C /* MyFitZTests */ = {
			isa = PBXNativeTarget;
			buildConfigurationList = 41EAD03620CBC22400395B6C /* Build configuration list for PBXNativeTarget "MyFitZTests" */;
			buildPhases = (
				4F80C8DCAAD8C3D23349B799 /* [CP] Check Pods Manifest.lock */,
				41EAD01B20CBC22400395B6C /* Sources */,
				41EAD01C20CBC22400395B6C /* Frameworks */,
				41EAD01D20CBC22400395B6C /* Resources */,
			);
			buildRules = (
			);
			dependencies = (
				41EAD02120CBC22400395B6C /* PBXTargetDependency */,
			);
			name = MyFitZTests;
			productName = MyFitZTests;
			productReference = 41EAD01F20CBC22400395B6C /* MyFitZTests.xctest */;
			productType = "com.apple.product-type.bundle.unit-test";
		};
		41EAD02920CBC22400395B6C /* MyFitZUITests */ = {
			isa = PBXNativeTarget;
			buildConfigurationList = 41EAD03920CBC22400395B6C /* Build configuration list for PBXNativeTarget "MyFitZUITests" */;
			buildPhases = (
				3BB57BB22C51F81A2B7DDE5E /* [CP] Check Pods Manifest.lock */,
				41EAD02620CBC22400395B6C /* Sources */,
				41EAD02720CBC22400395B6C /* Frameworks */,
				41EAD02820CBC22400395B6C /* Resources */,
			);
			buildRules = (
			);
			dependencies = (
				41EAD02C20CBC22400395B6C /* PBXTargetDependency */,
			);
			name = MyFitZUITests;
			productName = MyFitZUITests;
			productReference = 41EAD02A20CBC22400395B6C /* MyFitZUITests.xctest */;
			productType = "com.apple.product-type.bundle.ui-testing";
		};
/* End PBXNativeTarget section */

/* Begin PBXProject section */
		41EAD00020CBC21A00395B6C /* Project object */ = {
			isa = PBXProject;
			attributes = {
				LastSwiftUpdateCheck = 0930;
				LastUpgradeCheck = 0930;
				ORGANIZATIONNAME = "Bang Bang Studios";
				TargetAttributes = {
					41EAD00720CBC21A00395B6C = {
						CreatedOnToolsVersion = 9.3.1;
					};
					41EAD01E20CBC22400395B6C = {
						CreatedOnToolsVersion = 9.3.1;
						TestTargetID = 41EAD00720CBC21A00395B6C;
					};
					41EAD02920CBC22400395B6C = {
						CreatedOnToolsVersion = 9.3.1;
						TestTargetID = 41EAD00720CBC21A00395B6C;
					};
				};
			};
			buildConfigurationList = 41EAD00320CBC21A00395B6C /* Build configuration list for PBXProject "MyFitZ" */;
			compatibilityVersion = "Xcode 9.3";
			developmentRegion = en;
			hasScannedForEncodings = 0;
			knownRegions = (
				en,
				Base,
			);
			mainGroup = 41EACFFF20CBC21A00395B6C;
			productRefGroup = 41EAD00920CBC21A00395B6C /* Products */;
			projectDirPath = "";
			projectRoot = "";
			targets = (
				41EAD00720CBC21A00395B6C /* MyFitZ */,
				41EAD01E20CBC22400395B6C /* MyFitZTests */,
				41EAD02920CBC22400395B6C /* MyFitZUITests */,
			);
		};
/* End PBXProject section */

/* Begin PBXResourcesBuildPhase section */
		41EAD00620CBC21A00395B6C /* Resources */ = {
			isa = PBXResourcesBuildPhase;
			buildActionMask = 2147483647;
			files = (
				41EAD01920CBC22300395B6C /* LaunchScreen.storyboard in Resources */,
				41EAD01620CBC22300395B6C /* Assets.xcassets in Resources */,
				41EAD01120CBC21B00395B6C /* Main.storyboard in Resources */,
			);
			runOnlyForDeploymentPostprocessing = 0;
		};
		41EAD01D20CBC22400395B6C /* Resources */ = {
			isa = PBXResourcesBuildPhase;
			buildActionMask = 2147483647;
			files = (
			);
			runOnlyForDeploymentPostprocessing = 0;
		};
		41EAD02820CBC22400395B6C /* Resources */ = {
			isa = PBXResourcesBuildPhase;
			buildActionMask = 2147483647;
			files = (
			);
			runOnlyForDeploymentPostprocessing = 0;
		};
/* End PBXResourcesBuildPhase section */

/* Begin PBXShellScriptBuildPhase section */
		3BB57BB22C51F81A2B7DDE5E /* [CP] Check Pods Manifest.lock */ = {
			isa = PBXShellScriptBuildPhase;
			buildActionMask = 2147483647;
			files = (
			);
			inputPaths = (
				"${PODS_PODFILE_DIR_PATH}/Podfile.lock",
				"${PODS_ROOT}/Manifest.lock",
			);
			name = "[CP] Check Pods Manifest.lock";
			outputPaths = (
				"$(DERIVED_FILE_DIR)/Pods-MyFitZUITests-checkManifestLockResult.txt",
			);
			runOnlyForDeploymentPostprocessing = 0;
			shellPath = /bin/sh;
			shellScript = "diff \"${PODS_PODFILE_DIR_PATH}/Podfile.lock\" \"${PODS_ROOT}/Manifest.lock\" > /dev/null\nif [ $? != 0 ] ; then\n    # print error to STDERR\n    echo \"error: The sandbox is not in sync with the Podfile.lock. Run 'pod install' or update your CocoaPods installation.\" >&2\n    exit 1\nfi\n# This output is used by Xcode 'outputs' to avoid re-running this script phase.\necho \"SUCCESS\" > \"${SCRIPT_OUTPUT_FILE_0}\"\n";
			showEnvVarsInLog = 0;
		};
		3CC7AD1930B2CE3CD2DA4A48 /* [CP] Check Pods Manifest.lock */ = {
			isa = PBXShellScriptBuildPhase;
			buildActionMask = 2147483647;
			files = (
			);
			inputPaths = (
				"${PODS_PODFILE_DIR_PATH}/Podfile.lock",
				"${PODS_ROOT}/Manifest.lock",
			);
			name = "[CP] Check Pods Manifest.lock";
			outputPaths = (
				"$(DERIVED_FILE_DIR)/Pods-MyFitZ-checkManifestLockResult.txt",
			);
			runOnlyForDeploymentPostprocessing = 0;
			shellPath = /bin/sh;
			shellScript = "diff \"${PODS_PODFILE_DIR_PATH}/Podfile.lock\" \"${PODS_ROOT}/Manifest.lock\" > /dev/null\nif [ $? != 0 ] ; then\n    # print error to STDERR\n    echo \"error: The sandbox is not in sync with the Podfile.lock. Run 'pod install' or update your CocoaPods installation.\" >&2\n    exit 1\nfi\n# This output is used by Xcode 'outputs' to avoid re-running this script phase.\necho \"SUCCESS\" > \"${SCRIPT_OUTPUT_FILE_0}\"\n";
			showEnvVarsInLog = 0;
		};
		4F80C8DCAAD8C3D23349B799 /* [CP] Check Pods Manifest.lock */ = {
			isa = PBXShellScriptBuildPhase;
			buildActionMask = 2147483647;
			files = (
			);
			inputPaths = (
				"${PODS_PODFILE_DIR_PATH}/Podfile.lock",
				"${PODS_ROOT}/Manifest.lock",
			);
			name = "[CP] Check Pods Manifest.lock";
			outputPaths = (
				"$(DERIVED_FILE_DIR)/Pods-MyFitZTests-checkManifestLockResult.txt",
			);
			runOnlyForDeploymentPostprocessing = 0;
			shellPath = /bin/sh;
			shellScript = "diff \"${PODS_PODFILE_DIR_PATH}/Podfile.lock\" \"${PODS_ROOT}/Manifest.lock\" > /dev/null\nif [ $? != 0 ] ; then\n    # print error to STDERR\n    echo \"error: The sandbox is not in sync with the Podfile.lock. Run 'pod install' or update your CocoaPods installation.\" >&2\n    exit 1\nfi\n# This output is used by Xcode 'outputs' to avoid re-running this script phase.\necho \"SUCCESS\" > \"${SCRIPT_OUTPUT_FILE_0}\"\n";
			showEnvVarsInLog = 0;
		};
/* End PBXShellScriptBuildPhase section */

/* Begin PBXSourcesBuildPhase section */
		41EAD00420CBC21A00395B6C /* Sources */ = {
			isa = PBXSourcesBuildPhase;
			buildActionMask = 2147483647;
			files = (
				41EAD00E20CBC21A00395B6C /* ViewController.swift in Sources */,
				41EAD01420CBC21B00395B6C /* MyFitZ.xcdatamodeld in Sources */,
				41EAD00C20CBC21A00395B6C /* AppDelegate.swift in Sources */,
			);
			runOnlyForDeploymentPostprocessing = 0;
		};
		41EAD01B20CBC22400395B6C /* Sources */ = {
			isa = PBXSourcesBuildPhase;
			buildActionMask = 2147483647;
			files = (
				41EAD02420CBC22400395B6C /* MyFitZTests.swift in Sources */,
			);
			runOnlyForDeploymentPostprocessing = 0;
		};
		41EAD02620CBC22400395B6C /* Sources */ = {
			isa = PBXSourcesBuildPhase;
			buildActionMask = 2147483647;
			files = (
				41EAD02F20CBC22400395B6C /* MyFitZUITests.swift in Sources */,
			);
			runOnlyForDeploymentPostprocessing = 0;
		};
/* End PBXSourcesBuildPhase section */

/* Begin PBXTargetDependency section */
		41EAD02120CBC22400395B6C /* PBXTargetDependency */ = {
			isa = PBXTargetDependency;
			target = 41EAD00720CBC21A00395B6C /* MyFitZ */;
			targetProxy = 41EAD02020CBC22400395B6C /* PBXContainerItemProxy */;
		};
		41EAD02C20CBC22400395B6C /* PBXTargetDependency */ = {
			isa = PBXTargetDependency;
			target = 41EAD00720CBC21A00395B6C /* MyFitZ */;
			targetProxy = 41EAD02B20CBC22400395B6C /* PBXContainerItemProxy */;
		};
/* End PBXTargetDependency section */

/* Begin PBXVariantGroup section */
		41EAD00F20CBC21B00395B6C /* Main.storyboard */ = {
			isa = PBXVariantGroup;
			children = (
				41EAD01020CBC21B00395B6C /* Base */,
			);
			name = Main.storyboard;
			sourceTree = "<group>";
		};
		41EAD01720CBC22300395B6C /* LaunchScreen.storyboard */ = {
			isa = PBXVariantGroup;
			children = (
				41EAD01820CBC22300395B6C /* Base */,
			);
			name = LaunchScreen.storyboard;
			sourceTree = "<group>";
		};
/* End PBXVariantGroup section */

/* Begin XCBuildConfiguration section */
		41EAD03120CBC22400395B6C /* Debug */ = {
			isa = XCBuildConfiguration;
			buildSettings = {
				ALWAYS_SEARCH_USER_PATHS = NO;
				CLANG_ANALYZER_NONNULL = YES;
				CLANG_ANALYZER_NUMBER_OBJECT_CONVERSION = YES_AGGRESSIVE;
				CLANG_CXX_LANGUAGE_STANDARD = "gnu++14";
				CLANG_CXX_LIBRARY = "libc++";
				CLANG_ENABLE_MODULES = YES;
				CLANG_ENABLE_OBJC_ARC = YES;
				CLANG_ENABLE_OBJC_WEAK = YES;
				CLANG_WARN_BLOCK_CAPTURE_AUTORELEASING = YES;
				CLANG_WARN_BOOL_CONVERSION = YES;
				CLANG_WARN_COMMA = YES;
				CLANG_WARN_CONSTANT_CONVERSION = YES;
				CLANG_WARN_DEPRECATED_OBJC_IMPLEMENTATIONS = YES;
				CLANG_WARN_DIRECT_OBJC_ISA_USAGE = YES_ERROR;
				CLANG_WARN_DOCUMENTATION_COMMENTS = YES;
				CLANG_WARN_EMPTY_BODY = YES;
				CLANG_WARN_ENUM_CONVERSION = YES;
				CLANG_WARN_INFINITE_RECURSION = YES;
				CLANG_WARN_INT_CONVERSION = YES;
				CLANG_WARN_NON_LITERAL_NULL_CONVERSION = YES;
				CLANG_WARN_OBJC_IMPLICIT_RETAIN_SELF = YES;
				CLANG_WARN_OBJC_LITERAL_CONVERSION = YES;
				CLANG_WARN_OBJC_ROOT_CLASS = YES_ERROR;
				CLANG_WARN_RANGE_LOOP_ANALYSIS = YES;
				CLANG_WARN_STRICT_PROTOTYPES = YES;
				CLANG_WARN_SUSPICIOUS_MOVE = YES;
				CLANG_WARN_UNGUARDED_AVAILABILITY = YES_AGGRESSIVE;
				CLANG_WARN_UNREACHABLE_CODE = YES;
				CLANG_WARN__DUPLICATE_METHOD_MATCH = YES;
				CODE_SIGN_IDENTITY = "iPhone Developer";
				COPY_PHASE_STRIP = NO;
				DEBUG_INFORMATION_FORMAT = dwarf;
				ENABLE_STRICT_OBJC_MSGSEND = YES;
				ENABLE_TESTABILITY = YES;
				GCC_C_LANGUAGE_STANDARD = gnu11;
				GCC_DYNAMIC_NO_PIC = NO;
				GCC_NO_COMMON_BLOCKS = YES;
				GCC_OPTIMIZATION_LEVEL = 0;
				GCC_PREPROCESSOR_DEFINITIONS = (
					"DEBUG=1",
					"$(inherited)",
				);
				GCC_WARN_64_TO_32_BIT_CONVERSION = YES;
				GCC_WARN_ABOUT_RETURN_TYPE = YES_ERROR;
				GCC_WARN_UNDECLARED_SELECTOR = YES;
				GCC_WARN_UNINITIALIZED_AUTOS = YES_AGGRESSIVE;
				GCC_WARN_UNUSED_FUNCTION = YES;
				GCC_WARN_UNUSED_VARIABLE = YES;
				IPHONEOS_DEPLOYMENT_TARGET = 11.3;
				MTL_ENABLE_DEBUG_INFO = YES;
				ONLY_ACTIVE_ARCH = YES;
				SDKROOT = iphoneos;
				SWIFT_ACTIVE_COMPILATION_CONDITIONS = DEBUG;
				SWIFT_OPTIMIZATION_LEVEL = "-Onone";
			};
			name = Debug;
		};
		41EAD03220CBC22400395B6C /* Release */ = {
			isa = XCBuildConfiguration;
			buildSettings = {
				ALWAYS_SEARCH_USER_PATHS = NO;
				CLANG_ANALYZER_NONNULL = YES;
				CLANG_ANALYZER_NUMBER_OBJECT_CONVERSION = YES_AGGRESSIVE;
				CLANG_CXX_LANGUAGE_STANDARD = "gnu++14";
				CLANG_CXX_LIBRARY = "libc++";
				CLANG_ENABLE_MODULES = YES;
				CLANG_ENABLE_OBJC_ARC = YES;
				CLANG_ENABLE_OBJC_WEAK = YES;
				CLANG_WARN_BLOCK_CAPTURE_AUTORELEASING = YES;
				CLANG_WARN_BOOL_CONVERSION = YES;
				CLANG_WARN_COMMA = YES;
				CLANG_WARN_CONSTANT_CONVERSION = YES;
				CLANG_WARN_DEPRECATED_OBJC_IMPLEMENTATIONS = YES;
				CLANG_WARN_DIRECT_OBJC_ISA_USAGE = YES_ERROR;
				CLANG_WARN_DOCUMENTATION_COMMENTS = YES;
				CLANG_WARN_EMPTY_BODY = YES;
				CLANG_WARN_ENUM_CONVERSION = YES;
				CLANG_WARN_INFINITE_RECURSION = YES;
				CLANG_WARN_INT_CONVERSION = YES;
				CLANG_WARN_NON_LITERAL_NULL_CONVERSION = YES;
				CLANG_WARN_OBJC_IMPLICIT_RETAIN_SELF = YES;
				CLANG_WARN_OBJC_LITERAL_CONVERSION = YES;
				CLANG_WARN_OBJC_ROOT_CLASS = YES_ERROR;
				CLANG_WARN_RANGE_LOOP_ANALYSIS = YES;
				CLANG_WARN_STRICT_PROTOTYPES = YES;
				CLANG_WARN_SUSPICIOUS_MOVE = YES;
				CLANG_WARN_UNGUARDED_AVAILABILITY = YES_AGGRESSIVE;
				CLANG_WARN_UNREACHABLE_CODE = YES;
				CLANG_WARN__DUPLICATE_METHOD_MATCH = YES;
				CODE_SIGN_IDENTITY = "iPhone Developer";
				COPY_PHASE_STRIP = NO;
				DEBUG_INFORMATION_FORMAT = "dwarf-with-dsym";
				ENABLE_NS_ASSERTIONS = NO;
				ENABLE_STRICT_OBJC_MSGSEND = YES;
				GCC_C_LANGUAGE_STANDARD = gnu11;
				GCC_NO_COMMON_BLOCKS = YES;
				GCC_WARN_64_TO_32_BIT_CONVERSION = YES;
				GCC_WARN_ABOUT_RETURN_TYPE = YES_ERROR;
				GCC_WARN_UNDECLARED_SELECTOR = YES;
				GCC_WARN_UNINITIALIZED_AUTOS = YES_AGGRESSIVE;
				GCC_WARN_UNUSED_FUNCTION = YES;
				GCC_WARN_UNUSED_VARIABLE = YES;
				IPHONEOS_DEPLOYMENT_TARGET = 11.3;
				MTL_ENABLE_DEBUG_INFO = NO;
				SDKROOT = iphoneos;
				SWIFT_COMPILATION_MODE = wholemodule;
				SWIFT_OPTIMIZATION_LEVEL = "-O";
				VALIDATE_PRODUCT = YES;
			};
			name = Release;
		};
		41EAD03420CBC22400395B6C /* Debug */ = {
			isa = XCBuildConfiguration;
			baseConfigurationReference = 44C42F26D0C89D2DADB7EDDC /* Pods-MyFitZ.debug.xcconfig */;
			buildSettings = {
				ASSETCATALOG_COMPILER_APPICON_NAME = AppIcon;
				CODE_SIGN_STYLE = Automatic;
				DEVELOPMENT_TEAM = ZJWNZ643CG;
				INFOPLIST_FILE = MyFitZ/Info.plist;
				LD_RUNPATH_SEARCH_PATHS = "$(inherited) @executable_path/Frameworks";
				PRODUCT_BUNDLE_IDENTIFIER = com.BangBangStudios.MyFitZ;
				PRODUCT_NAME = "$(TARGET_NAME)";
				SWIFT_VERSION = 4.0;
				TARGETED_DEVICE_FAMILY = "1,2";
			};
			name = Debug;
		};
		41EAD03520CBC22400395B6C /* Release */ = {
			isa = XCBuildConfiguration;
			baseConfigurationReference = 720144B95C16516E02CBB79A /* Pods-MyFitZ.release.xcconfig */;
			buildSettings = {
				ASSETCATALOG_COMPILER_APPICON_NAME = AppIcon;
				CODE_SIGN_STYLE = Automatic;
				DEVELOPMENT_TEAM = ZJWNZ643CG;
				INFOPLIST_FILE = MyFitZ/Info.plist;
				LD_RUNPATH_SEARCH_PATHS = "$(inherited) @executable_path/Frameworks";
				PRODUCT_BUNDLE_IDENTIFIER = com.BangBangStudios.MyFitZ;
				PRODUCT_NAME = "$(TARGET_NAME)";
				SWIFT_VERSION = 4.0;
				TARGETED_DEVICE_FAMILY = "1,2";
			};
			name = Release;
		};
		41EAD03720CBC22400395B6C /* Debug */ = {
			isa = XCBuildConfiguration;
			baseConfigurationReference = D6FD5A8000C1E4E4AB14DEAA /* Pods-MyFitZTests.debug.xcconfig */;
			buildSettings = {
				ALWAYS_EMBED_SWIFT_STANDARD_LIBRARIES = YES;
				BUNDLE_LOADER = "$(TEST_HOST)";
				CODE_SIGN_STYLE = Automatic;
				DEVELOPMENT_TEAM = ZJWNZ643CG;
				INFOPLIST_FILE = MyFitZTests/Info.plist;
				LD_RUNPATH_SEARCH_PATHS = "$(inherited) @executable_path/Frameworks @loader_path/Frameworks";
				PRODUCT_BUNDLE_IDENTIFIER = com.BangBangStudios.MyFitZTests;
				PRODUCT_NAME = "$(TARGET_NAME)";
				SWIFT_VERSION = 4.0;
				TARGETED_DEVICE_FAMILY = "1,2";
				TEST_HOST = "$(BUILT_PRODUCTS_DIR)/MyFitZ.app/MyFitZ";
			};
			name = Debug;
		};
		41EAD03820CBC22400395B6C /* Release */ = {
			isa = XCBuildConfiguration;
			baseConfigurationReference = C3B4B5CD1D252F1C15C90543 /* Pods-MyFitZTests.release.xcconfig */;
			buildSettings = {
				ALWAYS_EMBED_SWIFT_STANDARD_LIBRARIES = YES;
				BUNDLE_LOADER = "$(TEST_HOST)";
				CODE_SIGN_STYLE = Automatic;
				DEVELOPMENT_TEAM = ZJWNZ643CG;
				INFOPLIST_FILE = MyFitZTests/Info.plist;
				LD_RUNPATH_SEARCH_PATHS = "$(inherited) @executable_path/Frameworks @loader_path/Frameworks";
				PRODUCT_BUNDLE_IDENTIFIER = com.BangBangStudios.MyFitZTests;
				PRODUCT_NAME = "$(TARGET_NAME)";
				SWIFT_VERSION = 4.0;
				TARGETED_DEVICE_FAMILY = "1,2";
				TEST_HOST = "$(BUILT_PRODUCTS_DIR)/MyFitZ.app/MyFitZ";
			};
			name = Release;
		};
		41EAD03A20CBC22400395B6C /* Debug */ = {
			isa = XCBuildConfiguration;
			baseConfigurationReference = 8990DDB3C7BEBD57FA39F299 /* Pods-MyFitZUITests.debug.xcconfig */;
			buildSettings = {
				ALWAYS_EMBED_SWIFT_STANDARD_LIBRARIES = YES;
				CODE_SIGN_STYLE = Automatic;
				DEVELOPMENT_TEAM = ZJWNZ643CG;
				INFOPLIST_FILE = MyFitZUITests/Info.plist;
				LD_RUNPATH_SEARCH_PATHS = "$(inherited) @executable_path/Frameworks @loader_path/Frameworks";
				PRODUCT_BUNDLE_IDENTIFIER = com.BangBangStudios.MyFitZUITests;
				PRODUCT_NAME = "$(TARGET_NAME)";
				SWIFT_VERSION = 4.0;
				TARGETED_DEVICE_FAMILY = "1,2";
				TEST_TARGET_NAME = MyFitZ;
			};
			name = Debug;
		};
		41EAD03B20CBC22400395B6C /* Release */ = {
			isa = XCBuildConfiguration;
			baseConfigurationReference = A1E815FCA5C16EA3C8F93F33 /* Pods-MyFitZUITests.release.xcconfig */;
			buildSettings = {
				ALWAYS_EMBED_SWIFT_STANDARD_LIBRARIES = YES;
				CODE_SIGN_STYLE = Automatic;
				DEVELOPMENT_TEAM = ZJWNZ643CG;
				INFOPLIST_FILE = MyFitZUITests/Info.plist;
				LD_RUNPATH_SEARCH_PATHS = "$(inherited) @executable_path/Frameworks @loader_path/Frameworks";
				PRODUCT_BUNDLE_IDENTIFIER = com.BangBangStudios.MyFitZUITests;
				PRODUCT_NAME = "$(TARGET_NAME)";
				SWIFT_VERSION = 4.0;
				TARGETED_DEVICE_FAMILY = "1,2";
				TEST_TARGET_NAME = MyFitZ;
			};
			name = Release;
		};
/* End XCBuildConfiguration section */

/* Begin XCConfigurationList section */
		41EAD00320CBC21A00395B6C /* Build configuration list for PBXProject "MyFitZ" */ = {
			isa = XCConfigurationList;
			buildConfigurations = (
				41EAD03120CBC22400395B6C /* Debug */,
				41EAD03220CBC22400395B6C /* Release */,
			);
			defaultConfigurationIsVisible = 0;
			defaultConfigurationName = Release;
		};
		41EAD03320CBC22400395B6C /* Build configuration list for PBXNativeTarget "MyFitZ" */ = {
			isa = XCConfigurationList;
			buildConfigurations = (
				41EAD03420CBC22400395B6C /* Debug */,
				41EAD03520CBC22400395B6C /* Release */,
			);
			defaultConfigurationIsVisible = 0;
			defaultConfigurationName = Release;
		};
		41EAD03620CBC22400395B6C /* Build configuration list for PBXNativeTarget "MyFitZTests" */ = {
			isa = XCConfigurationList;
			buildConfigurations = (
				41EAD03720CBC22400395B6C /* Debug */,
				41EAD03820CBC22400395B6C /* Release */,
			);
			defaultConfigurationIsVisible = 0;
			defaultConfigurationName = Release;
		};
		41EAD03920CBC22400395B6C /* Build configuration list for PBXNativeTarget "MyFitZUITests" */ = {
			isa = XCConfigurationList;
			buildConfigurations = (
				41EAD03A20CBC22400395B6C /* Debug */,
				41EAD03B20CBC22400395B6C /* Release */,
			);
			defaultConfigurationIsVisible = 0;
			defaultConfigurationName = Release;
		};
/* End XCConfigurationList section */

/* Begin XCVersionGroup section */
		41EAD01220CBC21B00395B6C /* MyFitZ.xcdatamodeld */ = {
			isa = XCVersionGroup;
			children = (
				41EAD01320CBC21B00395B6C /* MyFitZ.xcdatamodel */,
			);
			currentVersion = 41EAD01320CBC21B00395B6C /* MyFitZ.xcdatamodel */;
			path = MyFitZ.xcdatamodeld;
			sourceTree = "<group>";
			versionGroupType = wrapper.xcdatamodel;
		};
/* End XCVersionGroup section */
	};
	rootObject = 41EAD00020CBC21A00395B6C /* Project object */;
}
